// !$*UTF8*$!
{
	archiveVersion = 1;
	classes = {
	};
	objectVersion = 55;
	objects = {

/* Begin PBXBuildFile section */
		CE7268B9280C13BC00AA25E1 /* AppDelegate.swift in Sources */ = {isa = PBXBuildFile; fileRef = CE7268B8280C13BC00AA25E1 /* AppDelegate.swift */; };
		CE7268BB280C13BC00AA25E1 /* SceneDelegate.swift in Sources */ = {isa = PBXBuildFile; fileRef = CE7268BA280C13BC00AA25E1 /* SceneDelegate.swift */; };
		CE7268BD280C13BC00AA25E1 /* ViewController.swift in Sources */ = {isa = PBXBuildFile; fileRef = CE7268BC280C13BC00AA25E1 /* ViewController.swift */; };
		CE7268C0280C13BC00AA25E1 /* Main.storyboard in Resources */ = {isa = PBXBuildFile; fileRef = CE7268BE280C13BC00AA25E1 /* Main.storyboard */; };
		CE7268C2280C13BF00AA25E1 /* Assets.xcassets in Resources */ = {isa = PBXBuildFile; fileRef = CE7268C1280C13BF00AA25E1 /* Assets.xcassets */; };
		CE7268C5280C13BF00AA25E1 /* LaunchScreen.storyboard in Resources */ = {isa = PBXBuildFile; fileRef = CE7268C3280C13BF00AA25E1 /* LaunchScreen.storyboard */; };
		CE7268CD280C24F700AA25E1 /* LevelModel.swift in Sources */ = {isa = PBXBuildFile; fileRef = CE7268CC280C24F700AA25E1 /* LevelModel.swift */; };
		CE7268E3280D95BD00AA25E1 /* LetterCollectionViewCell.swift in Sources */ = {isa = PBXBuildFile; fileRef = CE7268E2280D95BD00AA25E1 /* LetterCollectionViewCell.swift */; };
		CE72698328153F2200AA25E1 /* LetterCell.swift in Sources */ = {isa = PBXBuildFile; fileRef = CE72698228153F2200AA25E1 /* LetterCell.swift */; };
		CE72698528154ED300AA25E1 /* WordCell.swift in Sources */ = {isa = PBXBuildFile; fileRef = CE72698428154ED300AA25E1 /* WordCell.swift */; };
/* End PBXBuildFile section */

/* Begin PBXFileReference section */
		CE7268B5280C13BC00AA25E1 /* 4picture1word.app */ = {isa = PBXFileReference; explicitFileType = wrapper.application; includeInIndex = 0; path = 4picture1word.app; sourceTree = BUILT_PRODUCTS_DIR; };
		CE7268B8280C13BC00AA25E1 /* AppDelegate.swift */ = {isa = PBXFileReference; lastKnownFileType = sourcecode.swift; path = AppDelegate.swift; sourceTree = "<group>"; };
		CE7268BA280C13BC00AA25E1 /* SceneDelegate.swift */ = {isa = PBXFileReference; lastKnownFileType = sourcecode.swift; path = SceneDelegate.swift; sourceTree = "<group>"; };
		CE7268BC280C13BC00AA25E1 /* ViewController.swift */ = {isa = PBXFileReference; lastKnownFileType = sourcecode.swift; path = ViewController.swift; sourceTree = "<group>"; };
		CE7268BF280C13BC00AA25E1 /* Base */ = {isa = PBXFileReference; lastKnownFileType = file.storyboard; name = Base; path = Base.lproj/Main.storyboard; sourceTree = "<group>"; };
		CE7268C1280C13BF00AA25E1 /* Assets.xcassets */ = {isa = PBXFileReference; lastKnownFileType = folder.assetcatalog; path = Assets.xcassets; sourceTree = "<group>"; };
		CE7268C4280C13BF00AA25E1 /* Base */ = {isa = PBXFileReference; lastKnownFileType = file.storyboard; name = Base; path = Base.lproj/LaunchScreen.storyboard; sourceTree = "<group>"; };
		CE7268C6280C13BF00AA25E1 /* Info.plist */ = {isa = PBXFileReference; lastKnownFileType = text.plist.xml; path = Info.plist; sourceTree = "<group>"; };
		CE7268CC280C24F700AA25E1 /* LevelModel.swift */ = {isa = PBXFileReference; lastKnownFileType = sourcecode.swift; path = LevelModel.swift; sourceTree = "<group>"; };
		CE7268E2280D95BD00AA25E1 /* LetterCollectionViewCell.swift */ = {isa = PBXFileReference; lastKnownFileType = sourcecode.swift; path = LetterCollectionViewCell.swift; sourceTree = "<group>"; };
		CE72698228153F2200AA25E1 /* LetterCell.swift */ = {isa = PBXFileReference; lastKnownFileType = sourcecode.swift; path = LetterCell.swift; sourceTree = "<group>"; };
		CE72698428154ED300AA25E1 /* WordCell.swift */ = {isa = PBXFileReference; lastKnownFileType = sourcecode.swift; path = WordCell.swift; sourceTree = "<group>"; };
/* End PBXFileReference section */

/* Begin PBXFrameworksBuildPhase section */
		CE7268B2280C13BC00AA25E1 /* Frameworks */ = {
			isa = PBXFrameworksBuildPhase;
			buildActionMask = 2147483647;
			files = (
			);
			runOnlyForDeploymentPostprocessing = 0;
		};
/* End PBXFrameworksBuildPhase section */

/* Begin PBXGroup section */
		CE7268AC280C13BC00AA25E1 = {
			isa = PBXGroup;
			children = (
				CE7268B7280C13BC00AA25E1 /* 4picture1word */,
				CE7268B6280C13BC00AA25E1 /* Products */,
			);
			sourceTree = "<group>";
		};
		CE7268B6280C13BC00AA25E1 /* Products */ = {
			isa = PBXGroup;
			children = (
				CE7268B5280C13BC00AA25E1 /* 4picture1word.app */,
			);
			name = Products;
			sourceTree = "<group>";
		};
		CE7268B7280C13BC00AA25E1 /* 4picture1word */ = {
			isa = PBXGroup;
			children = (
				CE7268B8280C13BC00AA25E1 /* AppDelegate.swift */,
				CE7268BA280C13BC00AA25E1 /* SceneDelegate.swift */,
				CE7268BC280C13BC00AA25E1 /* ViewController.swift */,
				CE7268BE280C13BC00AA25E1 /* Main.storyboard */,
				CE7268C1280C13BF00AA25E1 /* Assets.xcassets */,
				CE7268C3280C13BF00AA25E1 /* LaunchScreen.storyboard */,
				CE7268C6280C13BF00AA25E1 /* Info.plist */,
				CE7268CC280C24F700AA25E1 /* LevelModel.swift */,
				CE7268E2280D95BD00AA25E1 /* LetterCollectionViewCell.swift */,
				CE72698228153F2200AA25E1 /* LetterCell.swift */,
				CE72698428154ED300AA25E1 /* WordCell.swift */,
			);
			path = 4picture1word;
			sourceTree = "<group>";
		};
/* End PBXGroup section */

/* Begin PBXNativeTarget section */
		CE7268B4280C13BC00AA25E1 /* 4picture1word */ = {
			isa = PBXNativeTarget;
			buildConfigurationList = CE7268C9280C13BF00AA25E1 /* Build configuration list for PBXNativeTarget "4picture1word" */;
			buildPhases = (
				CE7268B1280C13BC00AA25E1 /* Sources */,
				CE7268B2280C13BC00AA25E1 /* Frameworks */,
				CE7268B3280C13BC00AA25E1 /* Resources */,
			);
			buildRules = (
			);
			dependencies = (
			);
			name = 4picture1word;
			productName = 4picture1word;
			productReference = CE7268B5280C13BC00AA25E1 /* 4picture1word.app */;
			productType = "com.apple.product-type.application";
		};
/* End PBXNativeTarget section */

/* Begin PBXProject section */
		CE7268AD280C13BC00AA25E1 /* Project object */ = {
			isa = PBXProject;
			attributes = {
				BuildIndependentTargetsInParallel = 1;
				LastSwiftUpdateCheck = 1320;
				LastUpgradeCheck = 1320;
				TargetAttributes = {
					CE7268B4280C13BC00AA25E1 = {
						CreatedOnToolsVersion = 13.2.1;
					};
				};
			};
			buildConfigurationList = CE7268B0280C13BC00AA25E1 /* Build configuration list for PBXProject "4picture1word" */;
			compatibilityVersion = "Xcode 13.0";
			developmentRegion = en;
			hasScannedForEncodings = 0;
			knownRegions = (
				en,
				Base,
			);
			mainGroup = CE7268AC280C13BC00AA25E1;
			productRefGroup = CE7268B6280C13BC00AA25E1 /* Products */;
			projectDirPath = "";
			projectRoot = "";
			targets = (
				CE7268B4280C13BC00AA25E1 /* 4picture1word */,
			);
		};
/* End PBXProject section */

/* Begin PBXResourcesBuildPhase section */
		CE7268B3280C13BC00AA25E1 /* Resources */ = {
			isa = PBXResourcesBuildPhase;
			buildActionMask = 2147483647;
			files = (
				CE7268C5280C13BF00AA25E1 /* LaunchScreen.storyboard in Resources */,
				CE7268C2280C13BF00AA25E1 /* Assets.xcassets in Resources */,
				CE7268C0280C13BC00AA25E1 /* Main.storyboard in Resources */,
			);
			runOnlyForDeploymentPostprocessing = 0;
		};
/* End PBXResourcesBuildPhase section */

/* Begin PBXSourcesBuildPhase section */
		CE7268B1280C13BC00AA25E1 /* Sources */ = {
			isa = PBXSourcesBuildPhase;
			buildActionMask = 2147483647;
			files = (
				CE7268E3280D95BD00AA25E1 /* LetterCollectionViewCell.swift in Sources */,
				CE72698328153F2200AA25E1 /* LetterCell.swift in Sources */,
				CE72698528154ED300AA25E1 /* WordCell.swift in Sources */,
				CE7268CD280C24F700AA25E1 /* LevelModel.swift in Sources */,
				CE7268BD280C13BC00AA25E1 /* ViewController.swift in Sources */,
				CE7268B9280C13BC00AA25E1 /* AppDelegate.swift in Sources */,
				CE7268BB280C13BC00AA25E1 /* SceneDelegate.swift in Sources */,
			);
			runOnlyForDeploymentPostprocessing = 0;
		};
/* End PBXSourcesBuildPhase section */

/* Begin PBXVariantGroup section */
		CE7268BE280C13BC00AA25E1 /* Main.storyboard */ = {
			isa = PBXVariantGroup;
			children = (
				CE7268BF280C13BC00AA25E1 /* Base */,
			);
			name = Main.storyboard;
			sourceTree = "<group>";
		};
		CE7268C3280C13BF00AA25E1 /* LaunchScreen.storyboard */ = {
			isa = PBXVariantGroup;
			children = (
				CE7268C4280C13BF00AA25E1 /* Base */,
			);
			name = LaunchScreen.storyboard;
			sourceTree = "<group>";
		};
/* End PBXVariantGroup section */

/* Begin XCBuildConfiguration section */
		CE7268C7280C13BF00AA25E1 /* Debug */ = {
			isa = XCBuildConfiguration;
			buildSettings = {
				ALWAYS_SEARCH_USER_PATHS = NO;
				CLANG_ANALYZER_NONNULL = YES;
				CLANG_ANALYZER_NUMBER_OBJECT_CONVERSION = YES_AGGRESSIVE;
				CLANG_CXX_LANGUAGE_STANDARD = "gnu++17";
				CLANG_CXX_LIBRARY = "libc++";
				CLANG_ENABLE_MODULES = YES;
				CLANG_ENABLE_OBJC_ARC = YES;
				CLANG_ENABLE_OBJC_WEAK = YES;
				CLANG_WARN_BLOCK_CAPTURE_AUTORELEASING = YES;
				CLANG_WARN_BOOL_CONVERSION = YES;
				CLANG_WARN_COMMA = YES;
				CLANG_WARN_CONSTANT_CONVERSION = YES;
				CLANG_WARN_DEPRECATED_OBJC_IMPLEMENTATIONS = YES;
				CLANG_WARN_DIRECT_OBJC_ISA_USAGE = YES_ERROR;
				CLANG_WARN_DOCUMENTATION_COMMENTS = YES;
				CLANG_WARN_EMPTY_BODY = YES;
				CLANG_WARN_ENUM_CONVERSION = YES;
				CLANG_WARN_INFINITE_RECURSION = YES;
				CLANG_WARN_INT_CONVERSION = YES;
				CLANG_WARN_NON_LITERAL_NULL_CONVERSION = YES;
				CLANG_WARN_OBJC_IMPLICIT_RETAIN_SELF = YES;
				CLANG_WARN_OBJC_LITERAL_CONVERSION = YES;
				CLANG_WARN_OBJC_ROOT_CLASS = YES_ERROR;
				CLANG_WARN_QUOTED_INCLUDE_IN_FRAMEWORK_HEADER = YES;
				CLANG_WARN_RANGE_LOOP_ANALYSIS = YES;
				CLANG_WARN_STRICT_PROTOTYPES = YES;
				CLANG_WARN_SUSPICIOUS_MOVE = YES;
				CLANG_WARN_UNGUARDED_AVAILABILITY = YES_AGGRESSIVE;
				CLANG_WARN_UNREACHABLE_CODE = YES;
				CLANG_WARN__DUPLICATE_METHOD_MATCH = YES;
				COPY_PHASE_STRIP = NO;
				DEBUG_INFORMATION_FORMAT = dwarf;
				ENABLE_STRICT_OBJC_MSGSEND = YES;
				ENABLE_TESTABILITY = YES;
				GCC_C_LANGUAGE_STANDARD = gnu11;
				GCC_DYNAMIC_NO_PIC = NO;
				GCC_NO_COMMON_BLOCKS = YES;
				GCC_OPTIMIZATION_LEVEL = 0;
				GCC_PREPROCESSOR_DEFINITIONS = (
					"DEBUG=1",
					"$(inherited)",
				);
				GCC_WARN_64_TO_32_BIT_CONVERSION = YES;
				GCC_WARN_ABOUT_RETURN_TYPE = YES_ERROR;
				GCC_WARN_UNDECLARED_SELECTOR = YES;
				GCC_WARN_UNINITIALIZED_AUTOS = YES_AGGRESSIVE;
				GCC_WARN_UNUSED_FUNCTION = YES;
				GCC_WARN_UNUSED_VARIABLE = YES;
				IPHONEOS_DEPLOYMENT_TARGET = 15.2;
				MTL_ENABLE_DEBUG_INFO = INCLUDE_SOURCE;
				MTL_FAST_MATH = YES;
				ONLY_ACTIVE_ARCH = YES;
				SDKROOT = iphoneos;
				SWIFT_ACTIVE_COMPILATION_CONDITIONS = DEBUG;
				SWIFT_OPTIMIZATION_LEVEL = "-Onone";
			};
			name = Debug;
		};
		CE7268C8280C13BF00AA25E1 /* Release */ = {
			isa = XCBuildConfiguration;
			buildSettings = {
				ALWAYS_SEARCH_USER_PATHS = NO;
				CLANG_ANALYZER_NONNULL = YES;
				CLANG_ANALYZER_NUMBER_OBJECT_CONVERSION = YES_AGGRESSIVE;
				CLANG_CXX_LANGUAGE_STANDARD = "gnu++17";
				CLANG_CXX_LIBRARY = "libc++";
				CLANG_ENABLE_MODULES = YES;
				CLANG_ENABLE_OBJC_ARC = YES;
				CLANG_ENABLE_OBJC_WEAK = YES;
				CLANG_WARN_BLOCK_CAPTURE_AUTORELEASING = YES;
				CLANG_WARN_BOOL_CONVERSION = YES;
				CLANG_WARN_COMMA = YES;
				CLANG_WARN_CONSTANT_CONVERSION = YES;
				CLANG_WARN_DEPRECATED_OBJC_IMPLEMENTATIONS = YES;
				CLANG_WARN_DIRECT_OBJC_ISA_USAGE = YES_ERROR;
				CLANG_WARN_DOCUMENTATION_COMMENTS = YES;
				CLANG_WARN_EMPTY_BODY = YES;
				CLANG_WARN_ENUM_CONVERSION = YES;
				CLANG_WARN_INFINITE_RECURSION = YES;
				CLANG_WARN_INT_CONVERSION = YES;
				CLANG_WARN_NON_LITERAL_NULL_CONVERSION = YES;
				CLANG_WARN_OBJC_IMPLICIT_RETAIN_SELF = YES;
				CLANG_WARN_OBJC_LITERAL_CONVERSION = YES;
				CLANG_WARN_OBJC_ROOT_CLASS = YES_ERROR;
				CLANG_WARN_QUOTED_INCLUDE_IN_FRAMEWORK_HEADER = YES;
				CLANG_WARN_RANGE_LOOP_ANALYSIS = YES;
				CLANG_WARN_STRICT_PROTOTYPES = YES;
				CLANG_WARN_SUSPICIOUS_MOVE = YES;
				CLANG_WARN_UNGUARDED_AVAILABILITY = YES_AGGRESSIVE;
				CLANG_WARN_UNREACHABLE_CODE = YES;
				CLANG_WARN__DUPLICATE_METHOD_MATCH = YES;
				COPY_PHASE_STRIP = NO;
				DEBUG_INFORMATION_FORMAT = "dwarf-with-dsym";
				ENABLE_NS_ASSERTIONS = NO;
				ENABLE_STRICT_OBJC_MSGSEND = YES;
				GCC_C_LANGUAGE_STANDARD = gnu11;
				GCC_NO_COMMON_BLOCKS = YES;
				GCC_WARN_64_TO_32_BIT_CONVERSION = YES;
				GCC_WARN_ABOUT_RETURN_TYPE = YES_ERROR;
				GCC_WARN_UNDECLARED_SELECTOR = YES;
				GCC_WARN_UNINITIALIZED_AUTOS = YES_AGGRESSIVE;
				GCC_WARN_UNUSED_FUNCTION = YES;
				GCC_WARN_UNUSED_VARIABLE = YES;
				IPHONEOS_DEPLOYMENT_TARGET = 15.2;
				MTL_ENABLE_DEBUG_INFO = NO;
				MTL_FAST_MATH = YES;
				SDKROOT = iphoneos;
				SWIFT_COMPILATION_MODE = wholemodule;
				SWIFT_OPTIMIZATION_LEVEL = "-O";
				VALIDATE_PRODUCT = YES;
			};
			name = Release;
		};
		CE7268CA280C13BF00AA25E1 /* Debug */ = {
			isa = XCBuildConfiguration;
			buildSettings = {
				ASSETCATALOG_COMPILER_APPICON_NAME = AppIcon;
				ASSETCATALOG_COMPILER_GLOBAL_ACCENT_COLOR_NAME = AccentColor;
				CODE_SIGN_STYLE = Automatic;
				CURRENT_PROJECT_VERSION = 1;
				DEVELOPMENT_TEAM = 6F4D689QPK;
				GENERATE_INFOPLIST_FILE = YES;
				INFOPLIST_FILE = 4picture1word/Info.plist;
				INFOPLIST_KEY_UIApplicationSupportsIndirectInputEvents = YES;
				INFOPLIST_KEY_UILaunchStoryboardName = LaunchScreen;
				INFOPLIST_KEY_UIMainStoryboardFile = Main;
				INFOPLIST_KEY_UISupportedInterfaceOrientations_iPad = "UIInterfaceOrientationPortrait UIInterfaceOrientationPortraitUpsideDown UIInterfaceOrientationLandscapeLeft UIInterfaceOrientationLandscapeRight";
				INFOPLIST_KEY_UISupportedInterfaceOrientations_iPhone = "UIInterfaceOrientationPortrait UIInterfaceOrientationLandscapeLeft UIInterfaceOrientationLandscapeRight";
				LD_RUNPATH_SEARCH_PATHS = (
					"$(inherited)",
					"@executable_path/Frameworks",
				);
				MARKETING_VERSION = 1.0;
				PRODUCT_BUNDLE_IDENTIFIER = "com.natlusrun.-picture1word";
				PRODUCT_NAME = "$(TARGET_NAME)";
				SWIFT_EMIT_LOC_STRINGS = YES;
				SWIFT_VERSION = 5.0;
				TARGETED_DEVICE_FAMILY = "1,2";
			};
			name = Debug;
		};
		CE7268CB280C13BF00AA25E1 /* Release */ = {
			isa = XCBuildConfiguration;
			buildSettings = {
				ASSETCATALOG_COMPILER_APPICON_NAME = AppIcon;
				ASSETCATALOG_COMPILER_GLOBAL_ACCENT_COLOR_NAME = AccentColor;
				CODE_SIGN_STYLE = Automatic;
				CURRENT_PROJECT_VERSION = 1;
				DEVELOPMENT_TEAM = 6F4D689QPK;
				GENERATE_INFOPLIST_FILE = YES;
				INFOPLIST_FILE = 4picture1word/Info.plist;
				INFOPLIST_KEY_UIApplicationSupportsIndirectInputEvents = YES;
				INFOPLIST_KEY_UILaunchStoryboardName = LaunchScreen;
				INFOPLIST_KEY_UIMainStoryboardFile = Main;
				INFOPLIST_KEY_UISupportedInterfaceOrientations_iPad = "UIInterfaceOrientationPortrait UIInterfaceOrientationPortraitUpsideDown UIInterfaceOrientationLandscapeLeft UIInterfaceOrientationLandscapeRight";
				INFOPLIST_KEY_UISupportedInterfaceOrientations_iPhone = "UIInterfaceOrientationPortrait UIInterfaceOrientationLandscapeLeft UIInterfaceOrientationLandscapeRight";
				LD_RUNPATH_SEARCH_PATHS = (
					"$(inherited)",
					"@executable_path/Frameworks",
				);
				MARKETING_VERSION = 1.0;
				PRODUCT_BUNDLE_IDENTIFIER = "com.natlusrun.-picture1word";
				PRODUCT_NAME = "$(TARGET_NAME)";
				SWIFT_EMIT_LOC_STRINGS = YES;
				SWIFT_VERSION = 5.0;
				TARGETED_DEVICE_FAMILY = "1,2";
			};
			name = Release;
		};
/* End XCBuildConfiguration section */

/* Begin XCConfigurationList section */
		CE7268B0280C13BC00AA25E1 /* Build configuration list for PBXProject "4picture1word" */ = {
			isa = XCConfigurationList;
			buildConfigurations = (
				CE7268C7280C13BF00AA25E1 /* Debug */,
				CE7268C8280C13BF00AA25E1 /* Release */,
			);
			defaultConfigurationIsVisible = 0;
			defaultConfigurationName = Release;
		};
		CE7268C9280C13BF00AA25E1 /* Build configuration list for PBXNativeTarget "4picture1word" */ = {
			isa = XCConfigurationList;
			buildConfigurations = (
				CE7268CA280C13BF00AA25E1 /* Debug */,
				CE7268CB280C13BF00AA25E1 /* Release */,
			);
			defaultConfigurationIsVisible = 0;
			defaultConfigurationName = Release;
		};
/* End XCConfigurationList section */
	};
	rootObject = CE7268AD280C13BC00AA25E1 /* Project object */;
}
